
Microsoft Visual Studio Solution File, Format Version 12.00
# Visual Studio 15
VisualStudioVersion = 15.0.26730.15
MinimumVisualStudioVersion = 10.0.40219.1
Project("{FAE04EC0-301F-11D3-BF4B-00C04F79EFBC}") = "NetCoreEShopExample", "NetCoreEShopExample\NetCoreEShopExample.csproj", "{EF0C54BA-26E7-4DE0-A7FA-1E3251433FD0}"
EndProject
Global
	GlobalSection(SolutionConfigurationPlatforms) = preSolution
		Debug|Any CPU = Debug|Any CPU
		Release|Any CPU = Release|Any CPU
	EndGlobalSection
	GlobalSection(ProjectConfigurationPlatforms) = postSolution
		{EF0C54BA-26E7-4DE0-A7FA-1E3251433FD0}.Debug|Any CPU.ActiveCfg = Debug|Any CPU
		{EF0C54BA-26E7-4DE0-A7FA-1E3251433FD0}.Debug|Any CPU.Build.0 = Debug|Any CPU
		{EF0C54BA-26E7-4DE0-A7FA-1E3251433FD0}.Release|Any CPU.ActiveCfg = Release|Any CPU
		{EF0C54BA-26E7-4DE0-A7FA-1E3251433FD0}.Release|Any CPU.Build.0 = Release|Any CPU
	EndGlobalSection
	GlobalSection(SolutionProperties) = preSolution
		HideSolutionNode = FALSE
	EndGlobalSection
	GlobalSection(ExtensibilityGlobals) = postSolution
		SolutionGuid = {07C6E4C2-C252-4724-9ABE-AF578462E372}
	EndGlobalSection
EndGlobal
